
Microsoft Visual Studio Solution File, Format Version 12.00
# Visual Studio Version 17
VisualStudioVersion = 17.0.31903.59
MinimumVisualStudioVersion = 10.0.40219.1
Project("{2150E333-8FDC-42A3-9474-1A3956D46DE8}") = "src", "src", "{2CE6F961-FC60-4310-892E-6B6380E68A8C}"
EndProject
Project("{FAE04EC0-301F-11D3-BF4B-00C04F79EFBC}") = "AuctionService", "src\AuctionService\AuctionService.csproj", "{1CBF3C61-FBF5-4A70-A892-2A537DAF7538}"
EndProject
Project("{FAE04EC0-301F-11D3-BF4B-00C04F79EFBC}") = "SearchService", "src\SearchService\SearchService.csproj", "{EB19C9C3-81A2-4EB8-8C9F-6B67402CBCF9}"
EndProject
Project("{FAE04EC0-301F-11D3-BF4B-00C04F79EFBC}") = "Contracts", "src\Contracts\Contracts.csproj", "{06A93721-EBAC-45AF-A126-0051E71F3F89}"
EndProject
Project("{FAE04EC0-301F-11D3-BF4B-00C04F79EFBC}") = "IdentityService", "src\IdentityService\IdentityService.csproj", "{69E0CBFD-3BEC-42CF-8859-C78B8C37D448}"
EndProject
Global
	GlobalSection(SolutionConfigurationPlatforms) = preSolution
		Debug|Any CPU = Debug|Any CPU
		Release|Any CPU = Release|Any CPU
	EndGlobalSection
	GlobalSection(SolutionProperties) = preSolution
		HideSolutionNode = FALSE
	EndGlobalSection
	GlobalSection(ProjectConfigurationPlatforms) = postSolution
		{1CBF3C61-FBF5-4A70-A892-2A537DAF7538}.Debug|Any CPU.ActiveCfg = Debug|Any CPU
		{1CBF3C61-FBF5-4A70-A892-2A537DAF7538}.Debug|Any CPU.Build.0 = Debug|Any CPU
		{1CBF3C61-FBF5-4A70-A892-2A537DAF7538}.Release|Any CPU.ActiveCfg = Release|Any CPU
		{1CBF3C61-FBF5-4A70-A892-2A537DAF7538}.Release|Any CPU.Build.0 = Release|Any CPU
		{EB19C9C3-81A2-4EB8-8C9F-6B67402CBCF9}.Debug|Any CPU.ActiveCfg = Debug|Any CPU
		{EB19C9C3-81A2-4EB8-8C9F-6B67402CBCF9}.Debug|Any CPU.Build.0 = Debug|Any CPU
		{EB19C9C3-81A2-4EB8-8C9F-6B67402CBCF9}.Release|Any CPU.ActiveCfg = Release|Any CPU
		{EB19C9C3-81A2-4EB8-8C9F-6B67402CBCF9}.Release|Any CPU.Build.0 = Release|Any CPU
		{06A93721-EBAC-45AF-A126-0051E71F3F89}.Debug|Any CPU.ActiveCfg = Debug|Any CPU
		{06A93721-EBAC-45AF-A126-0051E71F3F89}.Debug|Any CPU.Build.0 = Debug|Any CPU
		{06A93721-EBAC-45AF-A126-0051E71F3F89}.Release|Any CPU.ActiveCfg = Release|Any CPU
		{06A93721-EBAC-45AF-A126-0051E71F3F89}.Release|Any CPU.Build.0 = Release|Any CPU
		{69E0CBFD-3BEC-42CF-8859-C78B8C37D448}.Debug|Any CPU.ActiveCfg = Debug|Any CPU
		{69E0CBFD-3BEC-42CF-8859-C78B8C37D448}.Debug|Any CPU.Build.0 = Debug|Any CPU
		{69E0CBFD-3BEC-42CF-8859-C78B8C37D448}.Release|Any CPU.ActiveCfg = Release|Any CPU
		{69E0CBFD-3BEC-42CF-8859-C78B8C37D448}.Release|Any CPU.Build.0 = Release|Any CPU
	EndGlobalSection
	GlobalSection(NestedProjects) = preSolution
		{1CBF3C61-FBF5-4A70-A892-2A537DAF7538} = {2CE6F961-FC60-4310-892E-6B6380E68A8C}
		{EB19C9C3-81A2-4EB8-8C9F-6B67402CBCF9} = {2CE6F961-FC60-4310-892E-6B6380E68A8C}
		{06A93721-EBAC-45AF-A126-0051E71F3F89} = {2CE6F961-FC60-4310-892E-6B6380E68A8C}
		{69E0CBFD-3BEC-42CF-8859-C78B8C37D448} = {2CE6F961-FC60-4310-892E-6B6380E68A8C}
	EndGlobalSection
EndGlobal
